
Microsoft Visual Studio Solution File, Format Version 12.00
# Visual Studio Version 16
VisualStudioVersion = 16.0.31624.102
MinimumVisualStudioVersion = 10.0.40219.1
Project("{8BC9CEB8-8B4A-11D0-8D11-00A0C91BC942}") = "Shard3D", "Shard3D.vcxproj", "{14C833A5-6F7A-4D48-ABC8-8885B60D0CDC}"
	ProjectSection(ProjectDependencies) = postProject
		{49C63812-C440-478D-BFAB-C5F75FDC3F79} = {49C63812-C440-478D-BFAB-C5F75FDC3F79}
		{01497360-F264-47BE-83E6-F210320F3AD7} = {01497360-F264-47BE-83E6-F210320F3AD7}
	EndProjectSection
EndProject
Project("{9A19103F-16F7-4668-BE54-9A1E7A4F7556}") = "shadercompmgr", "shader_compiler_manager64\shadercompmgr.csproj", "{01497360-F264-47BE-83E6-F210320F3AD7}"
EndProject
Project("{FAE04EC0-301F-11D3-BF4B-00C04F79EFBC}") = "Shard3D Script CS", "scripts\cs\shard3d-csscript-core64\Shard3D Script CS.csproj", "{D281BE64-B259-42EC-A0B5-533F2ED6245E}"
	ProjectSection(ProjectDependencies) = postProject
		{CA0E9FD8-3A7D-46A3-A138-1A937CD9D584} = {CA0E9FD8-3A7D-46A3-A138-1A937CD9D584}
	EndProjectSection
EndProject
Project("{F184B08F-C81C-45F6-A57F-5ABD9991F28F}") = "Shard3D Script VB", "scripts\vb\shard3d-vbscript-core64\Shard3D Script VB.vbproj", "{C152C0EE-5A9F-4BAF-A863-74AD1A194968}"
	ProjectSection(ProjectDependencies) = postProject
		{CA0E9FD8-3A7D-46A3-A138-1A937CD9D584} = {CA0E9FD8-3A7D-46A3-A138-1A937CD9D584}
	EndProjectSection
EndProject
Project("{8BC9CEB8-8B4A-11D0-8D11-00A0C91BC942}") = "videoplayback", "videoplayback\videoplayback.vcxproj", "{49C63812-C440-478D-BFAB-C5F75FDC3F79}"
EndProject
Project("{FAE04EC0-301F-11D3-BF4B-00C04F79EFBC}") = "Shard3D Core", "scripts\script_utils\Shard3D Core.csproj", "{CA0E9FD8-3A7D-46A3-A138-1A937CD9D584}"
EndProject
Project("{2150E333-8FDC-42A3-9474-1A3956D46DE8}") = "Scripting", "Scripting", "{228EAB1C-965D-4010-BDD6-7FBBC6D821E7}"
EndProject
Project("{2150E333-8FDC-42A3-9474-1A3956D46DE8}") = "Utilities", "Utilities", "{C42255EE-9B60-4867-A4E0-D525AF771BAB}"
EndProject
Global
	GlobalSection(SolutionConfigurationPlatforms) = preSolution
		Debug|Any CPU = Debug|Any CPU
		Debug|x64 = Debug|x64
		Debug|x86 = Debug|x86
		Deploy|Any CPU = Deploy|Any CPU
		Deploy|x64 = Deploy|x64
		Deploy|x86 = Deploy|x86
		Release|Any CPU = Release|Any CPU
		Release|x64 = Release|x64
		Release|x86 = Release|x86
	EndGlobalSection
	GlobalSection(ProjectConfigurationPlatforms) = postSolution
		{14C833A5-6F7A-4D48-ABC8-8885B60D0CDC}.Debug|Any CPU.ActiveCfg = Debug|x64
		{14C833A5-6F7A-4D48-ABC8-8885B60D0CDC}.Debug|x64.ActiveCfg = Debug|x64
		{14C833A5-6F7A-4D48-ABC8-8885B60D0CDC}.Debug|x64.Build.0 = Debug|x64
		{14C833A5-6F7A-4D48-ABC8-8885B60D0CDC}.Debug|x86.ActiveCfg = Debug|x64
		{14C833A5-6F7A-4D48-ABC8-8885B60D0CDC}.Deploy|Any CPU.ActiveCfg = Deploy|x64
		{14C833A5-6F7A-4D48-ABC8-8885B60D0CDC}.Deploy|x64.ActiveCfg = Deploy|x64
		{14C833A5-6F7A-4D48-ABC8-8885B60D0CDC}.Deploy|x64.Build.0 = Deploy|x64
		{14C833A5-6F7A-4D48-ABC8-8885B60D0CDC}.Deploy|x86.ActiveCfg = Deploy|x64
		{14C833A5-6F7A-4D48-ABC8-8885B60D0CDC}.Release|Any CPU.ActiveCfg = Release|x64
		{14C833A5-6F7A-4D48-ABC8-8885B60D0CDC}.Release|x64.ActiveCfg = Release|x64
		{14C833A5-6F7A-4D48-ABC8-8885B60D0CDC}.Release|x64.Build.0 = Release|x64
		{14C833A5-6F7A-4D48-ABC8-8885B60D0CDC}.Release|x86.ActiveCfg = Release|x64
		{01497360-F264-47BE-83E6-F210320F3AD7}.Debug|Any CPU.ActiveCfg = Debug|Any CPU
		{01497360-F264-47BE-83E6-F210320F3AD7}.Debug|Any CPU.Build.0 = Debug|Any CPU
		{01497360-F264-47BE-83E6-F210320F3AD7}.Debug|x64.ActiveCfg = Debug|x64
		{01497360-F264-47BE-83E6-F210320F3AD7}.Debug|x64.Build.0 = Debug|x64
		{01497360-F264-47BE-83E6-F210320F3AD7}.Debug|x86.ActiveCfg = Debug|Any CPU
		{01497360-F264-47BE-83E6-F210320F3AD7}.Debug|x86.Build.0 = Debug|Any CPU
		{01497360-F264-47BE-83E6-F210320F3AD7}.Deploy|Any CPU.ActiveCfg = Deploy|Any CPU
		{01497360-F264-47BE-83E6-F210320F3AD7}.Deploy|Any CPU.Build.0 = Deploy|Any CPU
		{01497360-F264-47BE-83E6-F210320F3AD7}.Deploy|x64.ActiveCfg = Release|x64
		{01497360-F264-47BE-83E6-F210320F3AD7}.Deploy|x64.Build.0 = Release|x64
		{01497360-F264-47BE-83E6-F210320F3AD7}.Deploy|x86.ActiveCfg = Deploy|Any CPU
		{01497360-F264-47BE-83E6-F210320F3AD7}.Deploy|x86.Build.0 = Deploy|Any CPU
		{01497360-F264-47BE-83E6-F210320F3AD7}.Release|Any CPU.ActiveCfg = Release|Any CPU
		{01497360-F264-47BE-83E6-F210320F3AD7}.Release|Any CPU.Build.0 = Release|Any CPU
		{01497360-F264-47BE-83E6-F210320F3AD7}.Release|x64.ActiveCfg = Release|x64
		{01497360-F264-47BE-83E6-F210320F3AD7}.Release|x64.Build.0 = Release|x64
		{01497360-F264-47BE-83E6-F210320F3AD7}.Release|x86.ActiveCfg = Release|Any CPU
		{01497360-F264-47BE-83E6-F210320F3AD7}.Release|x86.Build.0 = Release|Any CPU
		{D281BE64-B259-42EC-A0B5-533F2ED6245E}.Debug|Any CPU.ActiveCfg = Debug|Any CPU
		{D281BE64-B259-42EC-A0B5-533F2ED6245E}.Debug|Any CPU.Build.0 = Debug|Any CPU
		{D281BE64-B259-42EC-A0B5-533F2ED6245E}.Debug|x64.ActiveCfg = Debug|x64
		{D281BE64-B259-42EC-A0B5-533F2ED6245E}.Debug|x64.Build.0 = Debug|x64
		{D281BE64-B259-42EC-A0B5-533F2ED6245E}.Debug|x86.ActiveCfg = Debug|Any CPU
		{D281BE64-B259-42EC-A0B5-533F2ED6245E}.Debug|x86.Build.0 = Debug|Any CPU
		{D281BE64-B259-42EC-A0B5-533F2ED6245E}.Deploy|Any CPU.ActiveCfg = Debug|Any CPU
		{D281BE64-B259-42EC-A0B5-533F2ED6245E}.Deploy|Any CPU.Build.0 = Debug|Any CPU
		{D281BE64-B259-42EC-A0B5-533F2ED6245E}.Deploy|x64.ActiveCfg = Release|x64
		{D281BE64-B259-42EC-A0B5-533F2ED6245E}.Deploy|x64.Build.0 = Release|x64
		{D281BE64-B259-42EC-A0B5-533F2ED6245E}.Deploy|x86.ActiveCfg = Debug|Any CPU
		{D281BE64-B259-42EC-A0B5-533F2ED6245E}.Deploy|x86.Build.0 = Debug|Any CPU
		{D281BE64-B259-42EC-A0B5-533F2ED6245E}.Release|Any CPU.ActiveCfg = Release|Any CPU
		{D281BE64-B259-42EC-A0B5-533F2ED6245E}.Release|Any CPU.Build.0 = Release|Any CPU
		{D281BE64-B259-42EC-A0B5-533F2ED6245E}.Release|x64.ActiveCfg = Release|x64
		{D281BE64-B259-42EC-A0B5-533F2ED6245E}.Release|x64.Build.0 = Release|x64
		{D281BE64-B259-42EC-A0B5-533F2ED6245E}.Release|x86.ActiveCfg = Release|Any CPU
		{D281BE64-B259-42EC-A0B5-533F2ED6245E}.Release|x86.Build.0 = Release|Any CPU
		{C152C0EE-5A9F-4BAF-A863-74AD1A194968}.Debug|Any CPU.ActiveCfg = Debug|Any CPU
		{C152C0EE-5A9F-4BAF-A863-74AD1A194968}.Debug|Any CPU.Build.0 = Debug|Any CPU
		{C152C0EE-5A9F-4BAF-A863-74AD1A194968}.Debug|x64.ActiveCfg = Debug|Any CPU
		{C152C0EE-5A9F-4BAF-A863-74AD1A194968}.Debug|x64.Build.0 = Debug|Any CPU
		{C152C0EE-5A9F-4BAF-A863-74AD1A194968}.Debug|x86.ActiveCfg = Debug|Any CPU
		{C152C0EE-5A9F-4BAF-A863-74AD1A194968}.Debug|x86.Build.0 = Debug|Any CPU
		{C152C0EE-5A9F-4BAF-A863-74AD1A194968}.Deploy|Any CPU.ActiveCfg = Debug|Any CPU
		{C152C0EE-5A9F-4BAF-A863-74AD1A194968}.Deploy|Any CPU.Build.0 = Debug|Any CPU
		{C152C0EE-5A9F-4BAF-A863-74AD1A194968}.Deploy|x64.ActiveCfg = Debug|Any CPU
		{C152C0EE-5A9F-4BAF-A863-74AD1A194968}.Deploy|x64.Build.0 = Debug|Any CPU
		{C152C0EE-5A9F-4BAF-A863-74AD1A194968}.Deploy|x86.ActiveCfg = Debug|Any CPU
		{C152C0EE-5A9F-4BAF-A863-74AD1A194968}.Deploy|x86.Build.0 = Debug|Any CPU
		{C152C0EE-5A9F-4BAF-A863-74AD1A194968}.Release|Any CPU.ActiveCfg = Release|Any CPU
		{C152C0EE-5A9F-4BAF-A863-74AD1A194968}.Release|Any CPU.Build.0 = Release|Any CPU
		{C152C0EE-5A9F-4BAF-A863-74AD1A194968}.Release|x64.ActiveCfg = Release|Any CPU
		{C152C0EE-5A9F-4BAF-A863-74AD1A194968}.Release|x64.Build.0 = Release|Any CPU
		{C152C0EE-5A9F-4BAF-A863-74AD1A194968}.Release|x86.ActiveCfg = Release|Any CPU
		{C152C0EE-5A9F-4BAF-A863-74AD1A194968}.Release|x86.Build.0 = Release|Any CPU
		{49C63812-C440-478D-BFAB-C5F75FDC3F79}.Debug|Any CPU.ActiveCfg = Debug|Win32
		{49C63812-C440-478D-BFAB-C5F75FDC3F79}.Debug|x64.ActiveCfg = Debug|x64
		{49C63812-C440-478D-BFAB-C5F75FDC3F79}.Debug|x64.Build.0 = Debug|x64
		{49C63812-C440-478D-BFAB-C5F75FDC3F79}.Debug|x86.ActiveCfg = Debug|Win32
		{49C63812-C440-478D-BFAB-C5F75FDC3F79}.Debug|x86.Build.0 = Debug|Win32
		{49C63812-C440-478D-BFAB-C5F75FDC3F79}.Deploy|Any CPU.ActiveCfg = Debug|Win32
		{49C63812-C440-478D-BFAB-C5F75FDC3F79}.Deploy|Any CPU.Build.0 = Debug|Win32
		{49C63812-C440-478D-BFAB-C5F75FDC3F79}.Deploy|x64.ActiveCfg = Debug|x64
		{49C63812-C440-478D-BFAB-C5F75FDC3F79}.Deploy|x64.Build.0 = Debug|x64
		{49C63812-C440-478D-BFAB-C5F75FDC3F79}.Deploy|x86.ActiveCfg = Debug|Win32
		{49C63812-C440-478D-BFAB-C5F75FDC3F79}.Deploy|x86.Build.0 = Debug|Win32
		{49C63812-C440-478D-BFAB-C5F75FDC3F79}.Release|Any CPU.ActiveCfg = Release|Win32
		{49C63812-C440-478D-BFAB-C5F75FDC3F79}.Release|x64.ActiveCfg = Release|x64
		{49C63812-C440-478D-BFAB-C5F75FDC3F79}.Release|x64.Build.0 = Release|x64
		{49C63812-C440-478D-BFAB-C5F75FDC3F79}.Release|x86.ActiveCfg = Release|Win32
		{49C63812-C440-478D-BFAB-C5F75FDC3F79}.Release|x86.Build.0 = Release|Win32
		{CA0E9FD8-3A7D-46A3-A138-1A937CD9D584}.Debug|Any CPU.ActiveCfg = Release|Any CPU
		{CA0E9FD8-3A7D-46A3-A138-1A937CD9D584}.Debug|x64.ActiveCfg = Release|Any CPU
		{CA0E9FD8-3A7D-46A3-A138-1A937CD9D584}.Debug|x64.Build.0 = Release|Any CPU
		{CA0E9FD8-3A7D-46A3-A138-1A937CD9D584}.Debug|x86.ActiveCfg = Release|Any CPU
		{CA0E9FD8-3A7D-46A3-A138-1A937CD9D584}.Deploy|Any CPU.ActiveCfg = Release|Any CPU
		{CA0E9FD8-3A7D-46A3-A138-1A937CD9D584}.Deploy|x64.ActiveCfg = Release|Any CPU
		{CA0E9FD8-3A7D-46A3-A138-1A937CD9D584}.Deploy|x86.ActiveCfg = Release|Any CPU
		{CA0E9FD8-3A7D-46A3-A138-1A937CD9D584}.Release|Any CPU.ActiveCfg = Release|Any CPU
		{CA0E9FD8-3A7D-46A3-A138-1A937CD9D584}.Release|Any CPU.Build.0 = Release|Any CPU
		{CA0E9FD8-3A7D-46A3-A138-1A937CD9D584}.Release|x64.ActiveCfg = Release|Any CPU
		{CA0E9FD8-3A7D-46A3-A138-1A937CD9D584}.Release|x64.Build.0 = Release|Any CPU
		{CA0E9FD8-3A7D-46A3-A138-1A937CD9D584}.Release|x86.ActiveCfg = Release|Any CPU
		{CA0E9FD8-3A7D-46A3-A138-1A937CD9D584}.Release|x86.Build.0 = Release|Any CPU
	EndGlobalSection
	GlobalSection(SolutionProperties) = preSolution
		HideSolutionNode = FALSE
	EndGlobalSection
	GlobalSection(NestedProjects) = preSolution
		{01497360-F264-47BE-83E6-F210320F3AD7} = {C42255EE-9B60-4867-A4E0-D525AF771BAB}
		{D281BE64-B259-42EC-A0B5-533F2ED6245E} = {228EAB1C-965D-4010-BDD6-7FBBC6D821E7}
		{C152C0EE-5A9F-4BAF-A863-74AD1A194968} = {228EAB1C-965D-4010-BDD6-7FBBC6D821E7}
		{49C63812-C440-478D-BFAB-C5F75FDC3F79} = {C42255EE-9B60-4867-A4E0-D525AF771BAB}
		{CA0E9FD8-3A7D-46A3-A138-1A937CD9D584} = {228EAB1C-965D-4010-BDD6-7FBBC6D821E7}
	EndGlobalSection
	GlobalSection(ExtensibilityGlobals) = postSolution
		SolutionGuid = {FD8CA4F0-B794-4F2F-B1B6-A2F8EEEE5906}
		BuildVersion_StartDate = 2000/1/1
	EndGlobalSection
EndGlobal
