<?xml version="1.0" encoding="utf-8"?>
<Project ToolsVersion="4.0" xmlns="http://schemas.microsoft.com/developer/msbuild/2003">
  <ItemGroup>
    <Filter Include="Source Files">
      <UniqueIdentifier>{4FC737F1-C7A5-4376-A066-2A32D752A2FF}</UniqueIdentifier>
      <Extensions>cpp;c;cc;cxx;c++;cppm;ixx;def;odl;idl;hpj;bat;asm;asmx</Extensions>
    </Filter>
    <Filter Include="Header Files">
      <UniqueIdentifier>{93995380-89BD-4b04-88EB-625FBE52EBFB}</UniqueIdentifier>
      <Extensions>h;hh;hpp;hxx;h++;hm;inl;inc;ipp;xsd</Extensions>
    </Filter>
    <Filter Include="Resource Files">
      <UniqueIdentifier>{67DA6AB6-F800-4c08-8B7A-83BB121AAD01}</UniqueIdentifier>
      <Extensions>rc;ico;cur;bmp;dlg;rc2;rct;bin;rgs;gif;jpg;jpeg;jpe;resx;tiff;tif;png;wav;mfcribbon-ms</Extensions>
    </Filter>
    <Filter Include="shaders">
      <UniqueIdentifier>{11ecb3a1-4909-4388-85a1-e3f3819e5b59}</UniqueIdentifier>
    </Filter>
    <Filter Include="fmod">
      <UniqueIdentifier>{1e614f4c-cefb-490a-9c9f-6a16aa54985a}</UniqueIdentifier>
    </Filter>
    <Filter Include="video">
      <UniqueIdentifier>{0286045d-dc31-4f9b-a0ca-c19176fd378b}</UniqueIdentifier>
    </Filter>
    <Filter Include="Header Files\camera">
      <UniqueIdentifier>{54673cef-4b64-4773-afe5-0b252061d3ba}</UniqueIdentifier>
    </Filter>
    <Filter Include="Source Files\camera">
      <UniqueIdentifier>{add15f1f-a7c7-4071-b012-3f3ecc58d786}</UniqueIdentifier>
    </Filter>
    <Filter Include="Header Files\controller">
      <UniqueIdentifier>{b1096672-e261-4aba-9deb-be3d4a3588c8}</UniqueIdentifier>
    </Filter>
    <Filter Include="Source Files\controller">
      <UniqueIdentifier>{88cde4e0-6691-42ba-b27c-a8664df01984}</UniqueIdentifier>
    </Filter>
    <Filter Include="utils">
      <UniqueIdentifier>{bfead136-06a5-47ca-8310-e953ba580285}</UniqueIdentifier>
    </Filter>
    <Filter Include="Source Files\AA">
      <UniqueIdentifier>{5df837bf-a3a7-4761-b1ff-ca73331de905}</UniqueIdentifier>
    </Filter>
    <Filter Include="Header Files\AA">
      <UniqueIdentifier>{b4856a1e-ff02-48cf-b53e-bf60fff4f682}</UniqueIdentifier>
    </Filter>
  </ItemGroup>
  <ItemGroup>
    <ClCompile Include="main.cpp">
      <Filter>Source Files</Filter>
    </ClCompile>
    <ClCompile Include="shard_window.cpp">
      <Filter>Source Files</Filter>
    </ClCompile>
    <ClCompile Include="run_app.cpp">
      <Filter>Source Files</Filter>
    </ClCompile>
    <ClCompile Include="shard_pipeline.cpp">
      <Filter>Source Files</Filter>
    </ClCompile>
    <ClCompile Include="shard_device.cpp">
      <Filter>Source Files</Filter>
    </ClCompile>
    <ClCompile Include="shard_swap_chain.cpp">
      <Filter>Source Files</Filter>
    </ClCompile>
    <ClCompile Include="shard_model.cpp">
      <Filter>Source Files</Filter>
    </ClCompile>
    <ClCompile Include="shard_renderer.cpp">
      <Filter>Source Files</Filter>
    </ClCompile>
    <ClCompile Include="ez_render_system.cpp">
      <Filter>Source Files</Filter>
    </ClCompile>
    <ClCompile Include="FMOD_engine\fmod_core_engine.cpp">
      <Filter>fmod</Filter>
    </ClCompile>
    <ClCompile Include="FMOD_engine\fmod_studio_engine.cpp">
      <Filter>fmod</Filter>
    </ClCompile>
    <ClCompile Include="camera.cpp">
      <Filter>Source Files\camera</Filter>
    </ClCompile>
    <ClCompile Include="input\keyboard_movement_controller.cpp">
      <Filter>Source Files\controller</Filter>
    </ClCompile>
    <ClCompile Include="input\mouse_movement_controller.cpp">
      <Filter>Source Files\controller</Filter>
    </ClCompile>
    <ClCompile Include="shard_game_object.cpp">
      <Filter>Source Files</Filter>
    </ClCompile>
    <ClCompile Include="shard_buffer.cpp">
      <Filter>Source Files</Filter>
    </ClCompile>
    <ClCompile Include="shard_descriptors.cpp">
      <Filter>Source Files</Filter>
    </ClCompile>
  </ItemGroup>
  <ItemGroup>
    <ClInclude Include="shard_window.hpp">
      <Filter>Header Files</Filter>
    </ClInclude>
    <ClInclude Include="run_app.hpp">
      <Filter>Header Files</Filter>
    </ClInclude>
    <ClInclude Include="shard_pipeline.hpp">
      <Filter>Header Files</Filter>
    </ClInclude>
    <ClInclude Include="shard_device.hpp">
      <Filter>Header Files</Filter>
    </ClInclude>
    <ClInclude Include="shard_swap_chain.hpp">
      <Filter>Header Files</Filter>
    </ClInclude>
    <ClInclude Include="shard_model.hpp">
      <Filter>Header Files</Filter>
    </ClInclude>
    <ClInclude Include="shard_game_object.hpp">
      <Filter>Header Files</Filter>
    </ClInclude>
    <ClInclude Include="shard_renderer.hpp">
      <Filter>Header Files</Filter>
    </ClInclude>
    <ClInclude Include="ez_render_system.hpp">
      <Filter>Header Files</Filter>
    </ClInclude>
    <ClInclude Include="resource.h">
      <Filter>Header Files</Filter>
    </ClInclude>
    <ClInclude Include="resource1.h">
      <Filter>Header Files</Filter>
    </ClInclude>
    <ClInclude Include="FMOD_engine\fmod_core_engine.hpp">
      <Filter>fmod</Filter>
    </ClInclude>
    <ClInclude Include="FMOD_engine\fmod_studio_engine.hpp">
      <Filter>fmod</Filter>
    </ClInclude>
    <ClInclude Include="camera.hpp">
      <Filter>Header Files\camera</Filter>
    </ClInclude>
    <ClInclude Include="input\keyboard_movement_controller.hpp">
      <Filter>Header Files\controller</Filter>
    </ClInclude>
    <ClInclude Include="input\mouse_movement_controller.hpp">
      <Filter>Header Files\controller</Filter>
    </ClInclude>
    <ClInclude Include="utils\shard_utils.hpp">
      <Filter>utils</Filter>
    </ClInclude>
    <ClInclude Include="simpleini\simple_ini.h">
      <Filter>utils</Filter>
    </ClInclude>
    <ClInclude Include="shard_buffer.hpp">
      <Filter>Header Files</Filter>
    </ClInclude>
    <ClInclude Include="shard_frame_info.hpp">
      <Filter>Header Files</Filter>
    </ClInclude>
    <ClInclude Include="shard_descriptors.hpp">
      <Filter>Header Files</Filter>
    </ClInclude>
  </ItemGroup>
  <ItemGroup>
    <None Include="shaders\ez_shader.vert">
      <Filter>shaders</Filter>
    </None>
    <None Include="shaders\ez_shader.frag">
      <Filter>shaders</Filter>
    </None>
    <None Include="compile.bat" />
  </ItemGroup>
  <ItemGroup>
    <ResourceCompile Include="ShardEngine.rc">
      <Filter>Resource Files</Filter>
    </ResourceCompile>
    <ResourceCompile Include="Resource.rc">
      <Filter>Resource Files</Filter>
    </ResourceCompile>
  </ItemGroup>
  <ItemGroup>
    <Image Include="shard.png">
      <Filter>Resource Files</Filter>
    </Image>
    <Image Include="shard.ico">
      <Filter>Resource Files</Filter>
    </Image>
    <Image Include="shard_engine.png">
      <Filter>Resource Files</Filter>
    </Image>
  </ItemGroup>
  <ItemGroup>
    <Text Include="credits.txt" />
  </ItemGroup>
</Project>