<?xml version="1.0" encoding="utf-8"?>
<Project ToolsVersion="4.0" xmlns="http://schemas.microsoft.com/developer/msbuild/2003">
  <ItemGroup>
    <Filter Include="Source Files">
      <UniqueIdentifier>{4FC737F1-C7A5-4376-A066-2A32D752A2FF}</UniqueIdentifier>
      <Extensions>cpp;c;cc;cxx;c++;cppm;ixx;def;odl;idl;hpj;bat;asm;asmx</Extensions>
    </Filter>
    <Filter Include="Header Files">
      <UniqueIdentifier>{93995380-89BD-4b04-88EB-625FBE52EBFB}</UniqueIdentifier>
      <Extensions>h;hh;hpp;hxx;h++;hm;inl;inc;ipp;xsd</Extensions>
    </Filter>
    <Filter Include="Resource Files">
      <UniqueIdentifier>{67DA6AB6-F800-4c08-8B7A-83BB121AAD01}</UniqueIdentifier>
      <Extensions>rc;ico;cur;bmp;dlg;rc2;rct;bin;rgs;gif;jpg;jpeg;jpe;resx;tiff;tif;png;wav;mfcribbon-ms</Extensions>
    </Filter>
    <Filter Include="shaders">
      <UniqueIdentifier>{11ecb3a1-4909-4388-85a1-e3f3819e5b59}</UniqueIdentifier>
    </Filter>
    <Filter Include="video">
      <UniqueIdentifier>{0286045d-dc31-4f9b-a0ca-c19176fd378b}</UniqueIdentifier>
    </Filter>
    <Filter Include="Header Files\camera">
      <UniqueIdentifier>{54673cef-4b64-4773-afe5-0b252061d3ba}</UniqueIdentifier>
    </Filter>
    <Filter Include="Source Files\camera">
      <UniqueIdentifier>{add15f1f-a7c7-4071-b012-3f3ecc58d786}</UniqueIdentifier>
    </Filter>
    <Filter Include="Header Files\controller">
      <UniqueIdentifier>{b1096672-e261-4aba-9deb-be3d4a3588c8}</UniqueIdentifier>
    </Filter>
    <Filter Include="Source Files\controller">
      <UniqueIdentifier>{88cde4e0-6691-42ba-b27c-a8664df01984}</UniqueIdentifier>
    </Filter>
    <Filter Include="utils">
      <UniqueIdentifier>{bfead136-06a5-47ca-8310-e953ba580285}</UniqueIdentifier>
    </Filter>
    <Filter Include="Source Files\systems">
      <UniqueIdentifier>{a15786e3-93c2-4127-982f-a6ff38a64da7}</UniqueIdentifier>
    </Filter>
    <Filter Include="Header Files\systems">
      <UniqueIdentifier>{dc235f6b-25b3-4c7c-98ca-fefad5bee372}</UniqueIdentifier>
    </Filter>
    <Filter Include="shaders\fragment">
      <UniqueIdentifier>{9ae8ef2b-52e5-4ad5-b467-a4581ce74553}</UniqueIdentifier>
    </Filter>
    <Filter Include="shaders\vertex">
      <UniqueIdentifier>{025747d3-7fbb-4a1f-97db-4e1357ada593}</UniqueIdentifier>
    </Filter>
    <Filter Include="Header Files\core">
      <UniqueIdentifier>{5c072065-5f99-49bd-84d0-b7cc333d43aa}</UniqueIdentifier>
    </Filter>
    <Filter Include="Source Files\core">
      <UniqueIdentifier>{2fc22722-ac3f-489e-a775-583cdf859c6c}</UniqueIdentifier>
    </Filter>
  </ItemGroup>
  <ItemGroup>
    <ClCompile Include="main.cpp">
      <Filter>Source Files</Filter>
    </ClCompile>
    <ClCompile Include="engine_window.cpp">
      <Filter>Source Files</Filter>
    </ClCompile>
    <ClCompile Include="run_app.cpp">
      <Filter>Source Files</Filter>
    </ClCompile>
    <ClCompile Include="camera.cpp">
      <Filter>Source Files\camera</Filter>
    </ClCompile>
    <ClCompile Include="input\keyboard_movement_controller.cpp">
      <Filter>Source Files\controller</Filter>
    </ClCompile>
    <ClCompile Include="input\mouse_movement_controller.cpp">
      <Filter>Source Files\controller</Filter>
    </ClCompile>
    <ClCompile Include="game_object.cpp">
      <Filter>Source Files</Filter>
    </ClCompile>
    <ClCompile Include="systems\basic_render_system.cpp">
      <Filter>Source Files\systems</Filter>
    </ClCompile>
    <ClCompile Include="systems\pointlight_system.cpp">
      <Filter>Source Files\systems</Filter>
    </ClCompile>
    <ClCompile Include="systems\directional_light_system.cpp">
      <Filter>Source Files\systems</Filter>
    </ClCompile>
    <ClCompile Include="systems\spotlight_system.cpp">
      <Filter>Source Files\systems</Filter>
    </ClCompile>
    <ClCompile Include="swap_chain.cpp">
      <Filter>Source Files\core</Filter>
    </ClCompile>
    <ClCompile Include="renderer.cpp">
      <Filter>Source Files\core</Filter>
    </ClCompile>
    <ClCompile Include="pipeline.cpp">
      <Filter>Source Files\core</Filter>
    </ClCompile>
    <ClCompile Include="device.cpp">
      <Filter>Source Files\core</Filter>
    </ClCompile>
    <ClCompile Include="descriptors.cpp">
      <Filter>Source Files\core</Filter>
    </ClCompile>
    <ClCompile Include="buffer.cpp">
      <Filter>Source Files\core</Filter>
    </ClCompile>
    <ClCompile Include="model.cpp">
      <Filter>Source Files\core</Filter>
    </ClCompile>
  </ItemGroup>
  <ItemGroup>
    <ClInclude Include="engine_window.hpp">
      <Filter>Header Files</Filter>
    </ClInclude>
    <ClInclude Include="run_app.hpp">
      <Filter>Header Files</Filter>
    </ClInclude>
    <ClInclude Include="game_object.hpp">
      <Filter>Header Files</Filter>
    </ClInclude>
    <ClInclude Include="camera.hpp">
      <Filter>Header Files\camera</Filter>
    </ClInclude>
    <ClInclude Include="input\keyboard_movement_controller.hpp">
      <Filter>Header Files\controller</Filter>
    </ClInclude>
    <ClInclude Include="input\mouse_movement_controller.hpp">
      <Filter>Header Files\controller</Filter>
    </ClInclude>
    <ClInclude Include="utils\engine_utils.hpp">
      <Filter>utils</Filter>
    </ClInclude>
    <ClInclude Include="simpleini\simple_ini.h">
      <Filter>utils</Filter>
    </ClInclude>
    <ClInclude Include="frame_info.hpp">
      <Filter>Header Files</Filter>
    </ClInclude>
    <ClInclude Include="systems\basic_render_system.hpp">
      <Filter>Header Files\systems</Filter>
    </ClInclude>
    <ClInclude Include="systems\pointlight_system.hpp">
      <Filter>Header Files\systems</Filter>
    </ClInclude>
    <ClInclude Include="utils\definitions.hpp">
      <Filter>utils</Filter>
    </ClInclude>
    <ClInclude Include="systems\directional_light_system.hpp">
      <Filter>Header Files\systems</Filter>
    </ClInclude>
    <ClInclude Include="systems\spotlight_system.hpp">
      <Filter>Header Files\systems</Filter>
    </ClInclude>
    <ClInclude Include="buffer.hpp">
      <Filter>Header Files\core</Filter>
    </ClInclude>
    <ClInclude Include="descriptors.hpp">
      <Filter>Header Files\core</Filter>
    </ClInclude>
    <ClInclude Include="device.hpp">
      <Filter>Header Files\core</Filter>
    </ClInclude>
    <ClInclude Include="pipeline.hpp">
      <Filter>Header Files\core</Filter>
    </ClInclude>
    <ClInclude Include="renderer.hpp">
      <Filter>Header Files\core</Filter>
    </ClInclude>
    <ClInclude Include="swap_chain.hpp">
      <Filter>Header Files\core</Filter>
    </ClInclude>
    <ClInclude Include="model.hpp">
      <Filter>Header Files\core</Filter>
    </ClInclude>
    <ClInclude Include="engine_logger.hpp">
      <Filter>Header Files\core</Filter>
    </ClInclude>
    <ClInclude Include="resource1.h">
      <Filter>Header Files\core</Filter>
    </ClInclude>
    <ClInclude Include="resource.h">
      <Filter>Header Files\core</Filter>
    </ClInclude>
  </ItemGroup>
  <ItemGroup>
    <None Include="compile.bat" />
    <None Include="shaders\directional_light.frag">
      <Filter>shaders\fragment</Filter>
    </None>
    <None Include="shaders\basic_shader.frag">
      <Filter>shaders\fragment</Filter>
    </None>
    <None Include="shaders\pointlight.frag">
      <Filter>shaders\fragment</Filter>
    </None>
    <None Include="shaders\directional_light.vert">
      <Filter>shaders\vertex</Filter>
    </None>
    <None Include="shaders\basic_shader.vert">
      <Filter>shaders\vertex</Filter>
    </None>
    <None Include="shaders\pointlight.vert">
      <Filter>shaders\vertex</Filter>
    </None>
    <None Include="shaders\spotlight.frag">
      <Filter>shaders\fragment</Filter>
    </None>
    <None Include="shaders\spotlight.vert">
      <Filter>shaders\vertex</Filter>
    </None>
  </ItemGroup>
  <ItemGroup>
    <ResourceCompile Include="Shard3D.rc">
      <Filter>Resource Files</Filter>
    </ResourceCompile>
    <ResourceCompile Include="Resource.rc">
      <Filter>Resource Files</Filter>
    </ResourceCompile>
  </ItemGroup>
  <ItemGroup>
    <Image Include="shard.png">
      <Filter>Resource Files</Filter>
    </Image>
    <Image Include="shard.ico">
      <Filter>Resource Files</Filter>
    </Image>
    <Image Include="shard3d_engine.png">
      <Filter>Resource Files</Filter>
    </Image>
  </ItemGroup>
  <ItemGroup>
    <Text Include="credits.txt" />
  </ItemGroup>
</Project>