<?xml version="1.0" encoding="utf-8"?>
<Project ToolsVersion="4.0" xmlns="http://schemas.microsoft.com/developer/msbuild/2003">
  <ItemGroup>
    <Filter Include="Source Files">
      <UniqueIdentifier>{4FC737F1-C7A5-4376-A066-2A32D752A2FF}</UniqueIdentifier>
      <Extensions>cpp;c;cc;cxx;c++;cppm;ixx;def;odl;idl;hpj;bat;asm;asmx</Extensions>
    </Filter>
    <Filter Include="Header Files">
      <UniqueIdentifier>{93995380-89BD-4b04-88EB-625FBE52EBFB}</UniqueIdentifier>
      <Extensions>h;hh;hpp;hxx;h++;hm;inl;inc;ipp;xsd</Extensions>
    </Filter>
    <Filter Include="Resource Files">
      <UniqueIdentifier>{67DA6AB6-F800-4c08-8B7A-83BB121AAD01}</UniqueIdentifier>
      <Extensions>rc;ico;cur;bmp;dlg;rc2;rct;bin;rgs;gif;jpg;jpeg;jpe;resx;tiff;tif;png;wav;mfcribbon-ms</Extensions>
    </Filter>
    <Filter Include="shaders">
      <UniqueIdentifier>{11ecb3a1-4909-4388-85a1-e3f3819e5b59}</UniqueIdentifier>
    </Filter>
    <Filter Include="video">
      <UniqueIdentifier>{0286045d-dc31-4f9b-a0ca-c19176fd378b}</UniqueIdentifier>
    </Filter>
    <Filter Include="Header Files\camera">
      <UniqueIdentifier>{54673cef-4b64-4773-afe5-0b252061d3ba}</UniqueIdentifier>
    </Filter>
    <Filter Include="Source Files\camera">
      <UniqueIdentifier>{add15f1f-a7c7-4071-b012-3f3ecc58d786}</UniqueIdentifier>
    </Filter>
    <Filter Include="Header Files\controller">
      <UniqueIdentifier>{b1096672-e261-4aba-9deb-be3d4a3588c8}</UniqueIdentifier>
    </Filter>
    <Filter Include="Source Files\controller">
      <UniqueIdentifier>{88cde4e0-6691-42ba-b27c-a8664df01984}</UniqueIdentifier>
    </Filter>
    <Filter Include="utils">
      <UniqueIdentifier>{bfead136-06a5-47ca-8310-e953ba580285}</UniqueIdentifier>
    </Filter>
    <Filter Include="Source Files\systems">
      <UniqueIdentifier>{a15786e3-93c2-4127-982f-a6ff38a64da7}</UniqueIdentifier>
    </Filter>
    <Filter Include="Header Files\systems">
      <UniqueIdentifier>{dc235f6b-25b3-4c7c-98ca-fefad5bee372}</UniqueIdentifier>
    </Filter>
    <Filter Include="shaders\fragment">
      <UniqueIdentifier>{9ae8ef2b-52e5-4ad5-b467-a4581ce74553}</UniqueIdentifier>
      <Extensions>*.frag</Extensions>
    </Filter>
    <Filter Include="shaders\vertex">
      <UniqueIdentifier>{025747d3-7fbb-4a1f-97db-4e1357ada593}</UniqueIdentifier>
      <Extensions>*.vert</Extensions>
    </Filter>
    <Filter Include="Header Files\core">
      <UniqueIdentifier>{5c072065-5f99-49bd-84d0-b7cc333d43aa}</UniqueIdentifier>
    </Filter>
    <Filter Include="Source Files\core">
      <UniqueIdentifier>{2fc22722-ac3f-489e-a775-583cdf859c6c}</UniqueIdentifier>
    </Filter>
    <Filter Include="Header Files\UI">
      <UniqueIdentifier>{b9ed0249-bbd1-4d85-994c-7cc31fa2c5ee}</UniqueIdentifier>
    </Filter>
    <Filter Include="Header Files\UI\ImGui">
      <UniqueIdentifier>{76434d82-927e-45da-a8ca-2a3694369cf0}</UniqueIdentifier>
    </Filter>
    <Filter Include="Source Files\UI">
      <UniqueIdentifier>{1e840a49-c365-4689-857c-2867a20d2d3a}</UniqueIdentifier>
    </Filter>
    <Filter Include="Source Files\UI\ImGui">
      <UniqueIdentifier>{a37ab8bb-6c24-4470-9120-82fc94a00727}</UniqueIdentifier>
    </Filter>
    <Filter Include="Source Files\UI\Layers">
      <UniqueIdentifier>{41771886-af11-4995-b305-93fcd4e1aa2b}</UniqueIdentifier>
    </Filter>
    <Filter Include="Header Files\UI\Layers">
      <UniqueIdentifier>{a630aec4-df96-45b2-9226-30392c09303a}</UniqueIdentifier>
    </Filter>
    <Filter Include="Source Files\wb3d">
      <UniqueIdentifier>{599cfd87-b152-4b15-bb46-7336019e3d6c}</UniqueIdentifier>
    </Filter>
    <Filter Include="Header Files\wb3d">
      <UniqueIdentifier>{d3f983ea-c893-4619-95e5-37987e72a4b1}</UniqueIdentifier>
    </Filter>
    <Filter Include="Header Files\UI\panels">
      <UniqueIdentifier>{22edfbdd-8c8a-49e4-98d5-e04bcab53be4}</UniqueIdentifier>
    </Filter>
    <Filter Include="Source Files\UI\panels">
      <UniqueIdentifier>{b7b51cd9-e2da-44cb-9d5c-4f9055ae8b48}</UniqueIdentifier>
    </Filter>
    <Filter Include="plugins">
      <UniqueIdentifier>{0cbb21f8-13da-4014-9052-180fcc6f6536}</UniqueIdentifier>
    </Filter>
    <Filter Include="scripts">
      <UniqueIdentifier>{9b8c2a5e-7ea5-4a6d-b626-4ce7038d5fee}</UniqueIdentifier>
    </Filter>
    <Filter Include="events">
      <UniqueIdentifier>{dfa8f196-b249-42bf-ab93-729b8df215d8}</UniqueIdentifier>
    </Filter>
    <Filter Include="video\Header">
      <UniqueIdentifier>{5f9e7440-b0b8-40b8-a839-aa70a6a11a86}</UniqueIdentifier>
    </Filter>
    <Filter Include="video\Source">
      <UniqueIdentifier>{6ef152f3-4785-4859-a1cb-e54a7e81656a}</UniqueIdentifier>
    </Filter>
    <Filter Include="shaders\compute">
      <UniqueIdentifier>{9df61183-ed93-4d95-8497-aa5fe14ee3b3}</UniqueIdentifier>
    </Filter>
  </ItemGroup>
  <ItemGroup>
    <ClCompile Include="main.cpp">
      <Filter>Source Files</Filter>
    </ClCompile>
    <ClCompile Include="editor_app.cpp">
      <Filter>Source Files</Filter>
    </ClCompile>
    <ClCompile Include="camera.cpp">
      <Filter>Source Files\camera</Filter>
    </ClCompile>
    <ClCompile Include="input\editor\editor_keyboard_movement_controller.cpp">
      <Filter>Source Files\controller</Filter>
    </ClCompile>
    <ClCompile Include="input\editor\editor_mouse_movement_controller.cpp">
      <Filter>Source Files\controller</Filter>
    </ClCompile>
    <ClCompile Include="components.cpp">
      <Filter>Source Files</Filter>
    </ClCompile>
    <ClCompile Include="systems\basic_render_system.cpp">
      <Filter>Source Files\systems</Filter>
    </ClCompile>
    <ClCompile Include="swap_chain.cpp">
      <Filter>Source Files\core</Filter>
    </ClCompile>
    <ClCompile Include="renderer.cpp">
      <Filter>Source Files\core</Filter>
    </ClCompile>
    <ClCompile Include="pipeline.cpp">
      <Filter>Source Files\core</Filter>
    </ClCompile>
    <ClCompile Include="device.cpp">
      <Filter>Source Files\core</Filter>
    </ClCompile>
    <ClCompile Include="descriptors.cpp">
      <Filter>Source Files\core</Filter>
    </ClCompile>
    <ClCompile Include="buffer.cpp">
      <Filter>Source Files\core</Filter>
    </ClCompile>
    <ClCompile Include="model.cpp">
      <Filter>Source Files\core</Filter>
    </ClCompile>
    <ClCompile Include="systems\grid_system.cpp">
      <Filter>Source Files\systems</Filter>
    </ClCompile>
    <ClCompile Include="UI\ImGuiLayer.cpp">
      <Filter>Source Files\UI\ImGui</Filter>
    </ClCompile>
    <ClCompile Include="UI\Layer.cpp">
      <Filter>Source Files\UI\Layers</Filter>
    </ClCompile>
    <ClCompile Include="UI\LayerStack.cpp">
      <Filter>Source Files\UI\Layers</Filter>
    </ClCompile>
    <ClCompile Include="UI\TestLayer.cpp">
      <Filter>Source Files\UI\Layers</Filter>
    </ClCompile>
    <ClCompile Include="UI\imgui_implementation.cpp">
      <Filter>Source Files\UI\ImGui</Filter>
    </ClCompile>
    <ClCompile Include="UI\imgui_glfw_implementation.cpp">
      <Filter>Source Files\UI\ImGui</Filter>
    </ClCompile>
    <ClCompile Include="wb3d\wb3d_imgui_frame.hpp">
      <Filter>Header Files\wb3d</Filter>
    </ClCompile>
    <ClCompile Include="wb3d\level.cpp">
      <Filter>Source Files\wb3d</Filter>
    </ClCompile>
    <ClCompile Include="wb3d\actor.cpp">
      <Filter>Source Files\wb3d</Filter>
    </ClCompile>
    <ClCompile Include="GUID.cpp">
      <Filter>Source Files\core</Filter>
    </ClCompile>
    <ClCompile Include="systems\directional_light_system.cpp">
      <Filter>Source Files\systems</Filter>
    </ClCompile>
    <ClCompile Include="systems\pointlight_system.cpp">
      <Filter>Source Files\systems</Filter>
    </ClCompile>
    <ClCompile Include="systems\spotlight_system.cpp">
      <Filter>Source Files\systems</Filter>
    </ClCompile>
    <ClCompile Include="wb3d\levelmgr.cpp">
      <Filter>Source Files\wb3d</Filter>
    </ClCompile>
    <ClCompile Include="UI\level_tree_panel.cpp">
      <Filter>Source Files\UI\panels</Filter>
    </ClCompile>
    <ClCompile Include="UI\level_properties_panel.cpp">
      <Filter>Source Files\UI\panels</Filter>
    </ClCompile>
    <ClCompile Include="wb3d\master_manager.cpp">
      <Filter>Source Files\wb3d</Filter>
    </ClCompile>
    <ClCompile Include="UI\level_gizmo.cpp">
      <Filter>Source Files\UI</Filter>
    </ClCompile>
    <ClCompile Include="systems\compute_system.cpp">
      <Filter>Source Files\systems</Filter>
    </ClCompile>
    <ClCompile Include="wb3d\bpmgr.cpp">
      <Filter>Source Files\wb3d</Filter>
    </ClCompile>
    <ClCompile Include="wb3d\blueprint.cpp">
      <Filter>Source Files\wb3d</Filter>
    </ClCompile>
    <ClCompile Include="video\video_decode.cpp">
      <Filter>video\Source</Filter>
    </ClCompile>
    <ClCompile Include="systems\material_system.cpp">
      <Filter>Source Files\systems</Filter>
    </ClCompile>
    <ClCompile Include="engine_logger.cpp">
      <Filter>Source Files\core</Filter>
    </ClCompile>
    <ClCompile Include="texture.cpp">
      <Filter>Source Files\core</Filter>
    </ClCompile>
    <ClCompile Include="wb3d\assetmgr.cpp">
      <Filter>Source Files\wb3d</Filter>
    </ClCompile>
    <ClCompile Include="UI\level_peekers.cpp">
      <Filter>Source Files\UI\panels</Filter>
    </ClCompile>
    <ClCompile Include="graphics_settings.cpp">
      <Filter>Source Files\core</Filter>
    </ClCompile>
    <ClCompile Include="engine_window.cpp">
      <Filter>Source Files\core</Filter>
    </ClCompile>
    <ClCompile Include="Project.cpp">
      <Filter>Source Files</Filter>
    </ClCompile>
  </ItemGroup>
  <ItemGroup>
    <ClInclude Include="editor_app.hpp">
      <Filter>Header Files</Filter>
    </ClInclude>
    <ClInclude Include="components.hpp">
      <Filter>Header Files</Filter>
    </ClInclude>
    <ClInclude Include="camera.hpp">
      <Filter>Header Files\camera</Filter>
    </ClInclude>
    <ClInclude Include="input\editor\editor_keyboard_movement_controller.hpp">
      <Filter>Header Files\controller</Filter>
    </ClInclude>
    <ClInclude Include="input\editor\editor_mouse_movement_controller.hpp">
      <Filter>Header Files\controller</Filter>
    </ClInclude>
    <ClInclude Include="utils\engine_utils.hpp">
      <Filter>utils</Filter>
    </ClInclude>
    <ClInclude Include="simpleini\simple_ini.h">
      <Filter>utils</Filter>
    </ClInclude>
    <ClInclude Include="frame_info.hpp">
      <Filter>Header Files</Filter>
    </ClInclude>
    <ClInclude Include="systems\basic_render_system.hpp">
      <Filter>Header Files\systems</Filter>
    </ClInclude>
    <ClInclude Include="utils\definitions.hpp">
      <Filter>utils</Filter>
    </ClInclude>
    <ClInclude Include="buffer.hpp">
      <Filter>Header Files\core</Filter>
    </ClInclude>
    <ClInclude Include="descriptors.hpp">
      <Filter>Header Files\core</Filter>
    </ClInclude>
    <ClInclude Include="device.hpp">
      <Filter>Header Files\core</Filter>
    </ClInclude>
    <ClInclude Include="pipeline.hpp">
      <Filter>Header Files\core</Filter>
    </ClInclude>
    <ClInclude Include="renderer.hpp">
      <Filter>Header Files\core</Filter>
    </ClInclude>
    <ClInclude Include="swap_chain.hpp">
      <Filter>Header Files\core</Filter>
    </ClInclude>
    <ClInclude Include="model.hpp">
      <Filter>Header Files\core</Filter>
    </ClInclude>
    <ClInclude Include="engine_logger.hpp">
      <Filter>Header Files\core</Filter>
    </ClInclude>
    <ClInclude Include="resource1.h">
      <Filter>Header Files\core</Filter>
    </ClInclude>
    <ClInclude Include="resource.h">
      <Filter>Header Files\core</Filter>
    </ClInclude>
    <ClInclude Include="systems\grid_system.hpp">
      <Filter>Header Files\systems</Filter>
    </ClInclude>
    <ClInclude Include="UI\ImGuiLayer.hpp">
      <Filter>Header Files\UI\ImGui</Filter>
    </ClInclude>
    <ClInclude Include="UI\Layer.hpp">
      <Filter>Header Files\UI\Layers</Filter>
    </ClInclude>
    <ClInclude Include="UI\LayerStack.hpp">
      <Filter>Header Files\UI\Layers</Filter>
    </ClInclude>
    <ClInclude Include="UI\TestLayer.hpp">
      <Filter>Header Files\UI\Layers</Filter>
    </ClInclude>
    <ClInclude Include="UI\imgui_implementation.hpp">
      <Filter>Header Files\UI\ImGui</Filter>
    </ClInclude>
    <ClInclude Include="UI\imgui_glfw_implementation.hpp">
      <Filter>Header Files\UI\ImGui</Filter>
    </ClInclude>
    <ClInclude Include="wb3d\level.hpp">
      <Filter>Header Files\wb3d</Filter>
    </ClInclude>
    <ClInclude Include="wb3d\actor.hpp">
      <Filter>Header Files\wb3d</Filter>
    </ClInclude>
    <ClInclude Include="GUID.hpp">
      <Filter>Header Files\core</Filter>
    </ClInclude>
    <ClInclude Include="systems\directional_light_system.hpp">
      <Filter>Header Files\systems</Filter>
    </ClInclude>
    <ClInclude Include="systems\pointlight_system.hpp">
      <Filter>Header Files\systems</Filter>
    </ClInclude>
    <ClInclude Include="systems\spotlight_system.hpp">
      <Filter>Header Files\systems</Filter>
    </ClInclude>
    <ClInclude Include="wb3d\levelmgr.hpp">
      <Filter>Header Files\wb3d</Filter>
    </ClInclude>
    <ClInclude Include="UI\level_tree_panel.hpp">
      <Filter>Header Files\UI\panels</Filter>
    </ClInclude>
    <ClInclude Include="UI\level_properties_panel.hpp">
      <Filter>Header Files\UI\panels</Filter>
    </ClInclude>
    <ClInclude Include="wb3d\master_manager.hpp">
      <Filter>Header Files\wb3d</Filter>
    </ClInclude>
    <ClInclude Include="UI\level_gizmo.hpp">
      <Filter>Header Files\UI</Filter>
    </ClInclude>
    <ClInclude Include="utils\dialogs.h">
      <Filter>utils</Filter>
    </ClInclude>
    <ClInclude Include="plugins\example_component.hpp">
      <Filter>plugins</Filter>
    </ClInclude>
    <ClInclude Include="scripts\example_script.hpp">
      <Filter>scripts</Filter>
    </ClInclude>
    <ClInclude Include="editor_camera_script.hpp">
      <Filter>Header Files\camera</Filter>
    </ClInclude>
    <ClInclude Include="scripts\script_handler.hpp">
      <Filter>scripts</Filter>
    </ClInclude>
    <ClInclude Include="wb3d\acting_actor.hpp">
      <Filter>Header Files\wb3d</Filter>
    </ClInclude>
    <ClInclude Include="plugins\plugin_link.h">
      <Filter>plugins</Filter>
    </ClInclude>
    <ClInclude Include="scripts\script_link.h">
      <Filter>scripts</Filter>
    </ClInclude>
    <ClInclude Include="version.h">
      <Filter>Resource Files</Filter>
    </ClInclude>
    <ClInclude Include="events\events.hpp">
      <Filter>events</Filter>
    </ClInclude>
    <ClInclude Include="events\event_handler.hpp">
      <Filter>events</Filter>
    </ClInclude>
    <ClInclude Include="events\key_events.hpp">
      <Filter>events</Filter>
    </ClInclude>
    <ClInclude Include="systems\compute_system.hpp">
      <Filter>Header Files\systems</Filter>
    </ClInclude>
    <ClInclude Include="wb3d\bpmgr.hpp">
      <Filter>Header Files\wb3d</Filter>
    </ClInclude>
    <ClInclude Include="utils\yaml_ext.hpp">
      <Filter>utils</Filter>
    </ClInclude>
    <ClInclude Include="wb3d\blueprint.hpp">
      <Filter>Header Files\wb3d</Filter>
    </ClInclude>
    <ClInclude Include="video\video_decode.hpp">
      <Filter>video\Header</Filter>
    </ClInclude>
    <ClInclude Include="systems\material_system.hpp">
      <Filter>Header Files\systems</Filter>
    </ClInclude>
    <ClInclude Include="descriptor_pools.hpp">
      <Filter>Header Files\core</Filter>
    </ClInclude>
    <ClInclude Include="utils\def_dynamic.hpp">
      <Filter>utils</Filter>
    </ClInclude>
    <ClInclude Include="cheat_codes.hpp">
      <Filter>Header Files\core</Filter>
    </ClInclude>
    <ClInclude Include="texture.hpp">
      <Filter>Header Files\core</Filter>
    </ClInclude>
    <ClInclude Include="wb3d\assetmgr.hpp">
      <Filter>Header Files\wb3d</Filter>
    </ClInclude>
    <ClInclude Include="UI\level_peekers.hpp">
      <Filter>Header Files\UI\panels</Filter>
    </ClInclude>
    <ClInclude Include="graphics_settings.hpp">
      <Filter>Header Files\core</Filter>
    </ClInclude>
    <ClInclude Include="engine_window.hpp">
      <Filter>Header Files\core</Filter>
    </ClInclude>
    <ClInclude Include="scripts\carcontroller.hpp">
      <Filter>scripts</Filter>
    </ClInclude>
    <ClInclude Include="Project.hpp">
      <Filter>Header Files</Filter>
    </ClInclude>
  </ItemGroup>
  <ItemGroup>
    <None Include="compile.bat" />
    <None Include="shaders\directional_light.frag">
      <Filter>shaders\fragment</Filter>
    </None>
    <None Include="shaders\basic_shader.frag">
      <Filter>shaders\fragment</Filter>
    </None>
    <None Include="shaders\pointlight.frag">
      <Filter>shaders\fragment</Filter>
    </None>
    <None Include="shaders\directional_light.vert">
      <Filter>shaders\vertex</Filter>
    </None>
    <None Include="shaders\basic_shader.vert">
      <Filter>shaders\vertex</Filter>
    </None>
    <None Include="shaders\pointlight.vert">
      <Filter>shaders\vertex</Filter>
    </None>
    <None Include="shaders\spotlight.frag">
      <Filter>shaders\fragment</Filter>
    </None>
    <None Include="shaders\spotlight.vert">
      <Filter>shaders\vertex</Filter>
    </None>
    <None Include="shaders\grid.frag">
      <Filter>shaders\fragment</Filter>
    </None>
    <None Include="shaders\grid.vert">
      <Filter>shaders\vertex</Filter>
    </None>
    <None Include="shaders\pbr_shader.frag">
      <Filter>shaders\fragment</Filter>
    </None>
    <None Include="shaders\pbr_shader.vert">
      <Filter>shaders\vertex</Filter>
    </None>
    <None Include="cpp.hint" />
    <None Include="shaders\test.comp">
      <Filter>shaders\compute</Filter>
    </None>
  </ItemGroup>
  <ItemGroup>
    <ResourceCompile Include="Shard3D.rc">
      <Filter>Resource Files</Filter>
    </ResourceCompile>
    <ResourceCompile Include="Resource.rc">
      <Filter>Resource Files</Filter>
    </ResourceCompile>
  </ItemGroup>
  <ItemGroup>
    <Image Include="shard.png">
      <Filter>Resource Files</Filter>
    </Image>
    <Image Include="shard.ico">
      <Filter>Resource Files</Filter>
    </Image>
    <Image Include="shard3d_engine.png">
      <Filter>Resource Files</Filter>
    </Image>
    <Image Include="shard3d.ico">
      <Filter>Resource Files</Filter>
    </Image>
  </ItemGroup>
  <ItemGroup>
    <Text Include="credits.txt" />
  </ItemGroup>
</Project>