<?xml version="1.0" encoding="utf-8"?>
<Project ToolsVersion="4.0" xmlns="http://schemas.microsoft.com/developer/msbuild/2003">
  <ItemGroup>
    <Filter Include="Source Files">
      <UniqueIdentifier>{4FC737F1-C7A5-4376-A066-2A32D752A2FF}</UniqueIdentifier>
      <Extensions>cpp;c;cc;cxx;c++;cppm;ixx;def;odl;idl;hpj;bat;asm;asmx</Extensions>
    </Filter>
    <Filter Include="Header Files">
      <UniqueIdentifier>{93995380-89BD-4b04-88EB-625FBE52EBFB}</UniqueIdentifier>
      <Extensions>h;hh;hpp;hxx;h++;hm;inl;inc;ipp;xsd</Extensions>
    </Filter>
    <Filter Include="Resource Files">
      <UniqueIdentifier>{67DA6AB6-F800-4c08-8B7A-83BB121AAD01}</UniqueIdentifier>
      <Extensions>rc;ico;cur;bmp;dlg;rc2;rct;bin;rgs;gif;jpg;jpeg;jpe;resx;tiff;tif;png;wav;mfcribbon-ms</Extensions>
    </Filter>
    <Filter Include="shaders">
      <UniqueIdentifier>{11ecb3a1-4909-4388-85a1-e3f3819e5b59}</UniqueIdentifier>
    </Filter>
    <Filter Include="Libs">
      <UniqueIdentifier>{90159480-1e4b-42b9-89e7-e1bcb329dc4c}</UniqueIdentifier>
    </Filter>
    <Filter Include="Libs\py">
      <UniqueIdentifier>{0cf31d77-cbb3-4342-af7c-284755eb5945}</UniqueIdentifier>
    </Filter>
  </ItemGroup>
  <ItemGroup>
    <ClCompile Include="main.cpp">
      <Filter>Source Files</Filter>
    </ClCompile>
    <ClCompile Include="shard_window.cpp">
      <Filter>Source Files</Filter>
    </ClCompile>
    <ClCompile Include="run_app.cpp">
      <Filter>Source Files</Filter>
    </ClCompile>
    <ClCompile Include="shard_pipeline.cpp">
      <Filter>Source Files</Filter>
    </ClCompile>
    <ClCompile Include="shard_device.cpp">
      <Filter>Source Files</Filter>
    </ClCompile>
    <ClCompile Include="shard_swap_chain.cpp">
      <Filter>Source Files</Filter>
    </ClCompile>
    <ClCompile Include="shard_model.cpp">
      <Filter>Source Files</Filter>
    </ClCompile>
    <ClCompile Include="shard_renderer.cpp">
      <Filter>Source Files</Filter>
    </ClCompile>
    <ClCompile Include="ez_render_system.cpp">
      <Filter>Source Files</Filter>
    </ClCompile>
  </ItemGroup>
  <ItemGroup>
    <ClInclude Include="shard_window.hpp">
      <Filter>Header Files</Filter>
    </ClInclude>
    <ClInclude Include="run_app.hpp">
      <Filter>Header Files</Filter>
    </ClInclude>
    <ClInclude Include="shard_pipeline.hpp">
      <Filter>Header Files</Filter>
    </ClInclude>
    <ClInclude Include="shard_device.hpp">
      <Filter>Header Files</Filter>
    </ClInclude>
    <ClInclude Include="shard_swap_chain.hpp">
      <Filter>Header Files</Filter>
    </ClInclude>
    <ClInclude Include="shard_model.hpp">
      <Filter>Header Files</Filter>
    </ClInclude>
    <ClInclude Include="shard_game_object.hpp">
      <Filter>Header Files</Filter>
    </ClInclude>
    <ClInclude Include="shard_renderer.hpp">
      <Filter>Header Files</Filter>
    </ClInclude>
    <ClInclude Include="ez_render_system.hpp">
      <Filter>Header Files</Filter>
    </ClInclude>
    <ClInclude Include="resource.h">
      <Filter>Header Files</Filter>
    </ClInclude>
    <ClInclude Include="resource1.h">
      <Filter>Header Files</Filter>
    </ClInclude>
  </ItemGroup>
  <ItemGroup>
    <None Include="shaders\ez_shader.vert">
      <Filter>shaders</Filter>
    </None>
    <None Include="shaders\ez_shader.frag">
      <Filter>shaders</Filter>
    </None>
    <None Include="compile.bat" />
    <None Include="libs\py\main.py">
      <Filter>Libs\py</Filter>
    </None>
  </ItemGroup>
  <ItemGroup>
    <ResourceCompile Include="ShardEngine.rc">
      <Filter>Resource Files</Filter>
    </ResourceCompile>
    <ResourceCompile Include="Resource.rc">
      <Filter>Resource Files</Filter>
    </ResourceCompile>
  </ItemGroup>
  <ItemGroup>
    <Image Include="shard.png">
      <Filter>Resource Files</Filter>
    </Image>
    <Image Include="shard.ico">
      <Filter>Resource Files</Filter>
    </Image>
    <Image Include="shard_engine.png">
      <Filter>Resource Files</Filter>
    </Image>
  </ItemGroup>
</Project>